{
  "name": "vyaakaran",
  "lockfileVersion": 2,
  "requires": true,
  "packages": {
    "": {
      "dependencies": {
        "chevrotain": "^10.1.2"
      }
    },
    "node_modules/@chevrotain/cst-dts-gen": {
      "version": "10.1.2",
      "resolved": "https://registry.npmjs.org/@chevrotain/cst-dts-gen/-/cst-dts-gen-10.1.2.tgz",
      "integrity": "sha512-E/XrL0QlzExycPzwhOEZGVOheJ/Clr5uNv3oCds88MiNqEmg3UU1iauZk7DhjsUo3jgEW4lf0I5HRl7/HC5ZkQ==",
      "dependencies": {
        "@chevrotain/gast": "^10.1.2",
        "@chevrotain/types": "^10.1.2",
        "lodash": "4.17.21"
      }
    },
    "node_modules/@chevrotain/gast": {
      "version": "10.1.2",
      "resolved": "https://registry.npmjs.org/@chevrotain/gast/-/gast-10.1.2.tgz",
      "integrity": "sha512-er+TcxUOMuGOPoiOq8CJsRm92zGE4YPIYtyxJfxoVwVgtj4AMrPNCmrHvYaK/bsbt2DaDuFdcbbAfM9bcBXW6Q==",
      "dependencies": {
        "@chevrotain/types": "^10.1.2",
        "lodash": "4.17.21"
      }
    },
    "node_modules/@chevrotain/types": {
      "version": "10.1.2",
      "resolved": "https://registry.npmjs.org/@chevrotain/types/-/types-10.1.2.tgz",
      "integrity": "sha512-4qF9SmmWKv8AIG/3d+71VFuqLumNCQTP5GoL0CW6x7Ay2OdXm6FUgWFLTMneGUjYUk2C+MSCf7etQfdq3LEr1A=="
    },
    "node_modules/@chevrotain/utils": {
      "version": "10.1.2",
      "resolved": "https://registry.npmjs.org/@chevrotain/utils/-/utils-10.1.2.tgz",
      "integrity": "sha512-bbZIpW6fdyf7FMaeDmw3cBbkTqsecxEkwlVKgVfqqXWBPLH6azxhPA2V9F7OhoZSVrsnMYw7QuyK6qutXPjEew=="
    },
    "node_modules/chevrotain": {
      "version": "10.1.2",
      "resolved": "https://registry.npmjs.org/chevrotain/-/chevrotain-10.1.2.tgz",
      "integrity": "sha512-hvRiQuhhTZxkPMGD/dke+s1EGo8AkKDBU05CcufBO278qgAQSwIC4QyLdHz0CFHVtqVYWjlAS5D1KwvBbaHT+w==",
      "dependencies": {
        "@chevrotain/cst-dts-gen": "^10.1.2",
        "@chevrotain/gast": "^10.1.2",
        "@chevrotain/types": "^10.1.2",
        "@chevrotain/utils": "^10.1.2",
        "lodash": "4.17.21",
        "regexp-to-ast": "0.5.0"
      }
    },
    "node_modules/lodash": {
      "version": "4.17.21",
      "resolved": "https://registry.npmjs.org/lodash/-/lodash-4.17.21.tgz",
      "integrity": "sha512-v2kDEe57lecTulaDIuNTPy3Ry4gLGJ6Z1O3vE1krgXZNrsQ+LFTGHVxVjcXPs17LhbZVGedAJv8XZ1tvj5FvSg=="
    },
    "node_modules/regexp-to-ast": {
      "version": "0.5.0",
      "resolved": "https://registry.npmjs.org/regexp-to-ast/-/regexp-to-ast-0.5.0.tgz",
      "integrity": "sha512-tlbJqcMHnPKI9zSrystikWKwHkBqu2a/Sgw01h3zFjvYrMxEDYHzzoMZnUrbIfpTFEsoRnnviOXNCzFiSc54Qw=="
    }
  },
  "dependencies": {
    "@chevrotain/cst-dts-gen": {
      "version": "10.1.2",
      "resolved": "https://registry.npmjs.org/@chevrotain/cst-dts-gen/-/cst-dts-gen-10.1.2.tgz",
      "integrity": "sha512-E/XrL0QlzExycPzwhOEZGVOheJ/Clr5uNv3oCds88MiNqEmg3UU1iauZk7DhjsUo3jgEW4lf0I5HRl7/HC5ZkQ==",
      "requires": {
        "@chevrotain/gast": "^10.1.2",
        "@chevrotain/types": "^10.1.2",
        "lodash": "4.17.21"
      }
    },
    "@chevrotain/gast": {
      "version": "10.1.2",
      "resolved": "https://registry.npmjs.org/@chevrotain/gast/-/gast-10.1.2.tgz",
      "integrity": "sha512-er+TcxUOMuGOPoiOq8CJsRm92zGE4YPIYtyxJfxoVwVgtj4AMrPNCmrHvYaK/bsbt2DaDuFdcbbAfM9bcBXW6Q==",
      "requires": {
        "@chevrotain/types": "^10.1.2",
        "lodash": "4.17.21"
      }
    },
    "@chevrotain/types": {
      "version": "10.1.2",
      "resolved": "https://registry.npmjs.org/@chevrotain/types/-/types-10.1.2.tgz",
      "integrity": "sha512-4qF9SmmWKv8AIG/3d+71VFuqLumNCQTP5GoL0CW6x7Ay2OdXm6FUgWFLTMneGUjYUk2C+MSCf7etQfdq3LEr1A=="
    },
    "@chevrotain/utils": {
      "version": "10.1.2",
      "resolved": "https://registry.npmjs.org/@chevrotain/utils/-/utils-10.1.2.tgz",
      "integrity": "sha512-bbZIpW6fdyf7FMaeDmw3cBbkTqsecxEkwlVKgVfqqXWBPLH6azxhPA2V9F7OhoZSVrsnMYw7QuyK6qutXPjEew=="
    },
    "chevrotain": {
      "version": "10.1.2",
      "resolved": "https://registry.npmjs.org/chevrotain/-/chevrotain-10.1.2.tgz",
      "integrity": "sha512-hvRiQuhhTZxkPMGD/dke+s1EGo8AkKDBU05CcufBO278qgAQSwIC4QyLdHz0CFHVtqVYWjlAS5D1KwvBbaHT+w==",
      "requires": {
        "@chevrotain/cst-dts-gen": "^10.1.2",
        "@chevrotain/gast": "^10.1.2",
        "@chevrotain/types": "^10.1.2",
        "@chevrotain/utils": "^10.1.2",
        "lodash": "4.17.21",
        "regexp-to-ast": "0.5.0"
      }
    },
    "lodash": {
      "version": "4.17.21",
      "resolved": "https://registry.npmjs.org/lodash/-/lodash-4.17.21.tgz",
      "integrity": "sha512-v2kDEe57lecTulaDIuNTPy3Ry4gLGJ6Z1O3vE1krgXZNrsQ+LFTGHVxVjcXPs17LhbZVGedAJv8XZ1tvj5FvSg=="
    },
    "regexp-to-ast": {
      "version": "0.5.0",
      "resolved": "https://registry.npmjs.org/regexp-to-ast/-/regexp-to-ast-0.5.0.tgz",
      "integrity": "sha512-tlbJqcMHnPKI9zSrystikWKwHkBqu2a/Sgw01h3zFjvYrMxEDYHzzoMZnUrbIfpTFEsoRnnviOXNCzFiSc54Qw=="
    }
  }
}
